// !$*UTF8*$!
{
	archiveVersion = 1;
	classes = {
	};
	objectVersion = 77;
	objects = {

/* Begin PBXBuildFile section */
		34502CF42E99B32C00575EEA /* SwiftTerm in Frameworks */ = {isa = PBXBuildFile; productRef = 34502CF32E99B32C00575EEA /* SwiftTerm */; };
		34502CF92E9DD77B00575EEA /* MarkdownUI in Frameworks */ = {isa = PBXBuildFile; productRef = 34502CF82E9DD77B00575EEA /* MarkdownUI */; };
		34502E4A2EAA9CAC00575EEA /* WidgetKit.framework in Frameworks */ = {isa = PBXBuildFile; fileRef = 34502E492EAA9CAC00575EEA /* WidgetKit.framework */; };
		34502E4C2EAA9CAC00575EEA /* SwiftUI.framework in Frameworks */ = {isa = PBXBuildFile; fileRef = 34502E4B2EAA9CAC00575EEA /* SwiftUI.framework */; };
		34502E5B2EAA9CAD00575EEA /* CatnipWidgetsExtension.appex in Embed Foundation Extensions */ = {isa = PBXBuildFile; fileRef = 34502E472EAA9CAC00575EEA /* CatnipWidgetsExtension.appex */; settings = {ATTRIBUTES = (RemoveHeadersOnCopy, ); }; };
/* End PBXBuildFile section */

/* Begin PBXContainerItemProxy section */
		34502E592EAA9CAD00575EEA /* PBXContainerItemProxy */ = {
			isa = PBXContainerItemProxy;
			containerPortal = 346BB0642E931364000F5DA0 /* Project object */;
			proxyType = 1;
			remoteGlobalIDString = 34502E462EAA9CAC00575EEA;
			remoteInfo = CatnipWidgetsExtension;
		};
		346BB07E2E931366000F5DA0 /* PBXContainerItemProxy */ = {
			isa = PBXContainerItemProxy;
			containerPortal = 346BB0642E931364000F5DA0 /* Project object */;
			proxyType = 1;
			remoteGlobalIDString = 346BB06B2E931364000F5DA0;
			remoteInfo = catnip;
		};
		346BB0882E931366000F5DA0 /* PBXContainerItemProxy */ = {
			isa = PBXContainerItemProxy;
			containerPortal = 346BB0642E931364000F5DA0 /* Project object */;
			proxyType = 1;
			remoteGlobalIDString = 346BB06B2E931364000F5DA0;
			remoteInfo = catnip;
		};
/* End PBXContainerItemProxy section */

/* Begin PBXCopyFilesBuildPhase section */
		34502E602EAA9CAD00575EEA /* Embed Foundation Extensions */ = {
			isa = PBXCopyFilesBuildPhase;
			buildActionMask = 2147483647;
			dstPath = "";
			dstSubfolderSpec = 13;
			files = (
				34502E5B2EAA9CAD00575EEA /* CatnipWidgetsExtension.appex in Embed Foundation Extensions */,
			);
			name = "Embed Foundation Extensions";
			runOnlyForDeploymentPostprocessing = 0;
		};
/* End PBXCopyFilesBuildPhase section */

/* Begin PBXFileReference section */
		34502E472EAA9CAC00575EEA /* CatnipWidgetsExtension.appex */ = {isa = PBXFileReference; explicitFileType = "wrapper.app-extension"; includeInIndex = 0; path = CatnipWidgetsExtension.appex; sourceTree = BUILT_PRODUCTS_DIR; };
		34502E492EAA9CAC00575EEA /* WidgetKit.framework */ = {isa = PBXFileReference; lastKnownFileType = wrapper.framework; name = WidgetKit.framework; path = System/Library/Frameworks/WidgetKit.framework; sourceTree = SDKROOT; };
		34502E4B2EAA9CAC00575EEA /* SwiftUI.framework */ = {isa = PBXFileReference; lastKnownFileType = wrapper.framework; name = SwiftUI.framework; path = System/Library/Frameworks/SwiftUI.framework; sourceTree = SDKROOT; };
		34502E642EAA9F0B00575EEA /* CatnipWidgetsExtension.entitlements */ = {isa = PBXFileReference; lastKnownFileType = text.plist.entitlements; path = CatnipWidgetsExtension.entitlements; sourceTree = "<group>"; };
		346BB06C2E931364000F5DA0 /* Catnip.app */ = {isa = PBXFileReference; explicitFileType = wrapper.application; includeInIndex = 0; path = Catnip.app; sourceTree = BUILT_PRODUCTS_DIR; };
		346BB07D2E931366000F5DA0 /* catnipTests.xctest */ = {isa = PBXFileReference; explicitFileType = wrapper.cfbundle; includeInIndex = 0; path = catnipTests.xctest; sourceTree = BUILT_PRODUCTS_DIR; };
		346BB0872E931366000F5DA0 /* catnipUITests.xctest */ = {isa = PBXFileReference; explicitFileType = wrapper.cfbundle; includeInIndex = 0; path = catnipUITests.xctest; sourceTree = BUILT_PRODUCTS_DIR; };
/* End PBXFileReference section */

/* Begin PBXFileSystemSynchronizedBuildFileExceptionSet section */
		34502E5F2EAA9CAD00575EEA /* Exceptions for "CatnipWidgets" folder in "CatnipWidgetsExtension" target */ = {
			isa = PBXFileSystemSynchronizedBuildFileExceptionSet;
			membershipExceptions = (
				Info.plist,
			);
			target = 34502E462EAA9CAC00575EEA /* CatnipWidgetsExtension */;
		};
		34502E622EAA9DCE00575EEA /* Exceptions for "catnip" folder in "CatnipWidgetsExtension" target */ = {
			isa = PBXFileSystemSynchronizedBuildFileExceptionSet;
			membershipExceptions = (
				Services/CodespaceCreationTracker.swift,
				Services/NotificationManager.swift,
				Widgets/CodespaceActivityWidget.swift,
			);
			target = 34502E462EAA9CAC00575EEA /* CatnipWidgetsExtension */;
		};
		346BB08F2E931366000F5DA0 /* Exceptions for "catnip" folder in "Catnip" target */ = {
			isa = PBXFileSystemSynchronizedBuildFileExceptionSet;
			membershipExceptions = (
				Info.plist,
			);
			target = 346BB06B2E931364000F5DA0 /* Catnip */;
		};
/* End PBXFileSystemSynchronizedBuildFileExceptionSet section */

/* Begin PBXFileSystemSynchronizedRootGroup section */
		34502E4D2EAA9CAC00575EEA /* CatnipWidgets */ = {
			isa = PBXFileSystemSynchronizedRootGroup;
			exceptions = (
				34502E5F2EAA9CAD00575EEA /* Exceptions for "CatnipWidgets" folder in "CatnipWidgetsExtension" target */,
			);
			path = CatnipWidgets;
			sourceTree = "<group>";
		};
		346BB06E2E931364000F5DA0 /* catnip */ = {
			isa = PBXFileSystemSynchronizedRootGroup;
			exceptions = (
				346BB08F2E931366000F5DA0 /* Exceptions for "catnip" folder in "Catnip" target */,
				34502E622EAA9DCE00575EEA /* Exceptions for "catnip" folder in "CatnipWidgetsExtension" target */,
			);
			path = catnip;
			sourceTree = "<group>";
		};
		346BB0802E931366000F5DA0 /* catnipTests */ = {
			isa = PBXFileSystemSynchronizedRootGroup;
			path = catnipTests;
			sourceTree = "<group>";
		};
		346BB08A2E931366000F5DA0 /* catnipUITests */ = {
			isa = PBXFileSystemSynchronizedRootGroup;
			path = catnipUITests;
			sourceTree = "<group>";
		};
/* End PBXFileSystemSynchronizedRootGroup section */

/* Begin PBXFrameworksBuildPhase section */
		34502E442EAA9CAC00575EEA /* Frameworks */ = {
			isa = PBXFrameworksBuildPhase;
			buildActionMask = 2147483647;
			files = (
				34502E4C2EAA9CAC00575EEA /* SwiftUI.framework in Frameworks */,
				34502E4A2EAA9CAC00575EEA /* WidgetKit.framework in Frameworks */,
			);
			runOnlyForDeploymentPostprocessing = 0;
		};
		346BB0692E931364000F5DA0 /* Frameworks */ = {
			isa = PBXFrameworksBuildPhase;
			buildActionMask = 2147483647;
			files = (
				34502CF42E99B32C00575EEA /* SwiftTerm in Frameworks */,
				34502CF92E9DD77B00575EEA /* MarkdownUI in Frameworks */,
			);
			runOnlyForDeploymentPostprocessing = 0;
		};
		346BB07A2E931366000F5DA0 /* Frameworks */ = {
			isa = PBXFrameworksBuildPhase;
			buildActionMask = 2147483647;
			files = (
			);
			runOnlyForDeploymentPostprocessing = 0;
		};
		346BB0842E931366000F5DA0 /* Frameworks */ = {
			isa = PBXFrameworksBuildPhase;
			buildActionMask = 2147483647;
			files = (
			);
			runOnlyForDeploymentPostprocessing = 0;
		};
/* End PBXFrameworksBuildPhase section */

/* Begin PBXGroup section */
		34502E482EAA9CAC00575EEA /* Frameworks */ = {
			isa = PBXGroup;
			children = (
				34502E492EAA9CAC00575EEA /* WidgetKit.framework */,
				34502E4B2EAA9CAC00575EEA /* SwiftUI.framework */,
			);
			name = Frameworks;
			sourceTree = "<group>";
		};
		346BB0632E931364000F5DA0 = {
			isa = PBXGroup;
			children = (
				34502E642EAA9F0B00575EEA /* CatnipWidgetsExtension.entitlements */,
				346BB06E2E931364000F5DA0 /* catnip */,
				346BB0802E931366000F5DA0 /* catnipTests */,
				346BB08A2E931366000F5DA0 /* catnipUITests */,
				34502E4D2EAA9CAC00575EEA /* CatnipWidgets */,
				34502E482EAA9CAC00575EEA /* Frameworks */,
				346BB06D2E931364000F5DA0 /* Products */,
			);
			sourceTree = "<group>";
		};
		346BB06D2E931364000F5DA0 /* Products */ = {
			isa = PBXGroup;
			children = (
				346BB06C2E931364000F5DA0 /* Catnip.app */,
				346BB07D2E931366000F5DA0 /* catnipTests.xctest */,
				346BB0872E931366000F5DA0 /* catnipUITests.xctest */,
				34502E472EAA9CAC00575EEA /* CatnipWidgetsExtension.appex */,
			);
			name = Products;
			sourceTree = "<group>";
		};
/* End PBXGroup section */

/* Begin PBXNativeTarget section */
		34502E462EAA9CAC00575EEA /* CatnipWidgetsExtension */ = {
			isa = PBXNativeTarget;
			buildConfigurationList = 34502E5C2EAA9CAD00575EEA /* Build configuration list for PBXNativeTarget "CatnipWidgetsExtension" */;
			buildPhases = (
				34502E432EAA9CAC00575EEA /* Sources */,
				34502E442EAA9CAC00575EEA /* Frameworks */,
				34502E452EAA9CAC00575EEA /* Resources */,
			);
			buildRules = (
			);
			dependencies = (
			);
			fileSystemSynchronizedGroups = (
				34502E4D2EAA9CAC00575EEA /* CatnipWidgets */,
			);
			name = CatnipWidgetsExtension;
			packageProductDependencies = (
			);
			productName = CatnipWidgetsExtension;
			productReference = 34502E472EAA9CAC00575EEA /* CatnipWidgetsExtension.appex */;
			productType = "com.apple.product-type.app-extension";
		};
		346BB06B2E931364000F5DA0 /* Catnip */ = {
			isa = PBXNativeTarget;
			buildConfigurationList = 346BB0902E931366000F5DA0 /* Build configuration list for PBXNativeTarget "Catnip" */;
			buildPhases = (
				346BB0682E931364000F5DA0 /* Sources */,
				346BB0692E931364000F5DA0 /* Frameworks */,
				346BB06A2E931364000F5DA0 /* Resources */,
				34502E602EAA9CAD00575EEA /* Embed Foundation Extensions */,
			);
			buildRules = (
			);
			dependencies = (
				34502E5A2EAA9CAD00575EEA /* PBXTargetDependency */,
			);
			fileSystemSynchronizedGroups = (
				346BB06E2E931364000F5DA0 /* catnip */,
			);
			name = Catnip;
			packageProductDependencies = (
				34502CF32E99B32C00575EEA /* SwiftTerm */,
				34502CF82E9DD77B00575EEA /* MarkdownUI */,
			);
			productName = catnip;
			productReference = 346BB06C2E931364000F5DA0 /* Catnip.app */;
			productType = "com.apple.product-type.application";
		};
		346BB07C2E931366000F5DA0 /* catnipTests */ = {
			isa = PBXNativeTarget;
			buildConfigurationList = 346BB0952E931366000F5DA0 /* Build configuration list for PBXNativeTarget "catnipTests" */;
			buildPhases = (
				346BB0792E931366000F5DA0 /* Sources */,
				346BB07A2E931366000F5DA0 /* Frameworks */,
				346BB07B2E931366000F5DA0 /* Resources */,
			);
			buildRules = (
			);
			dependencies = (
				346BB07F2E931366000F5DA0 /* PBXTargetDependency */,
			);
			fileSystemSynchronizedGroups = (
				346BB0802E931366000F5DA0 /* catnipTests */,
			);
			name = catnipTests;
			packageProductDependencies = (
			);
			productName = catnipTests;
			productReference = 346BB07D2E931366000F5DA0 /* catnipTests.xctest */;
			productType = "com.apple.product-type.bundle.unit-test";
		};
		346BB0862E931366000F5DA0 /* catnipUITests */ = {
			isa = PBXNativeTarget;
			buildConfigurationList = 346BB0982E931366000F5DA0 /* Build configuration list for PBXNativeTarget "catnipUITests" */;
			buildPhases = (
				346BB0832E931366000F5DA0 /* Sources */,
				346BB0842E931366000F5DA0 /* Frameworks */,
				346BB0852E931366000F5DA0 /* Resources */,
			);
			buildRules = (
			);
			dependencies = (
				346BB0892E931366000F5DA0 /* PBXTargetDependency */,
			);
			fileSystemSynchronizedGroups = (
				346BB08A2E931366000F5DA0 /* catnipUITests */,
			);
			name = catnipUITests;
			packageProductDependencies = (
			);
			productName = catnipUITests;
			productReference = 346BB0872E931366000F5DA0 /* catnipUITests.xctest */;
			productType = "com.apple.product-type.bundle.ui-testing";
		};
/* End PBXNativeTarget section */

/* Begin PBXProject section */
		346BB0642E931364000F5DA0 /* Project object */ = {
			isa = PBXProject;
			attributes = {
				BuildIndependentTargetsInParallel = 1;
				LastSwiftUpdateCheck = 2600;
				LastUpgradeCheck = 2600;
				TargetAttributes = {
					34502E462EAA9CAC00575EEA = {
						CreatedOnToolsVersion = 26.0.1;
					};
					346BB06B2E931364000F5DA0 = {
						CreatedOnToolsVersion = 26.0;
					};
					346BB07C2E931366000F5DA0 = {
						CreatedOnToolsVersion = 26.0;
						TestTargetID = 346BB06B2E931364000F5DA0;
					};
					346BB0862E931366000F5DA0 = {
						CreatedOnToolsVersion = 26.0;
						TestTargetID = 346BB06B2E931364000F5DA0;
					};
				};
			};
			buildConfigurationList = 346BB0672E931364000F5DA0 /* Build configuration list for PBXProject "catnip" */;
			developmentRegion = en;
			hasScannedForEncodings = 0;
			knownRegions = (
				en,
				Base,
			);
			mainGroup = 346BB0632E931364000F5DA0;
			minimizedProjectReferenceProxies = 1;
			packageReferences = (
				34502CF22E99B32C00575EEA /* XCRemoteSwiftPackageReference "SwiftTerm" */,
				34502CF72E9DD77B00575EEA /* XCRemoteSwiftPackageReference "swift-markdown-ui" */,
			);
			preferredProjectObjectVersion = 77;
			productRefGroup = 346BB06D2E931364000F5DA0 /* Products */;
			projectDirPath = "";
			projectRoot = "";
			targets = (
				346BB06B2E931364000F5DA0 /* Catnip */,
				346BB07C2E931366000F5DA0 /* catnipTests */,
				346BB0862E931366000F5DA0 /* catnipUITests */,
				34502E462EAA9CAC00575EEA /* CatnipWidgetsExtension */,
			);
		};
/* End PBXProject section */

/* Begin PBXResourcesBuildPhase section */
		34502E452EAA9CAC00575EEA /* Resources */ = {
			isa = PBXResourcesBuildPhase;
			buildActionMask = 2147483647;
			files = (
			);
			runOnlyForDeploymentPostprocessing = 0;
		};
		346BB06A2E931364000F5DA0 /* Resources */ = {
			isa = PBXResourcesBuildPhase;
			buildActionMask = 2147483647;
			files = (
			);
			runOnlyForDeploymentPostprocessing = 0;
		};
		346BB07B2E931366000F5DA0 /* Resources */ = {
			isa = PBXResourcesBuildPhase;
			buildActionMask = 2147483647;
			files = (
			);
			runOnlyForDeploymentPostprocessing = 0;
		};
		346BB0852E931366000F5DA0 /* Resources */ = {
			isa = PBXResourcesBuildPhase;
			buildActionMask = 2147483647;
			files = (
			);
			runOnlyForDeploymentPostprocessing = 0;
		};
/* End PBXResourcesBuildPhase section */

/* Begin PBXSourcesBuildPhase section */
		34502E432EAA9CAC00575EEA /* Sources */ = {
			isa = PBXSourcesBuildPhase;
			buildActionMask = 2147483647;
			files = (
			);
			runOnlyForDeploymentPostprocessing = 0;
		};
		346BB0682E931364000F5DA0 /* Sources */ = {
			isa = PBXSourcesBuildPhase;
			buildActionMask = 2147483647;
			files = (
			);
			runOnlyForDeploymentPostprocessing = 0;
		};
		346BB0792E931366000F5DA0 /* Sources */ = {
			isa = PBXSourcesBuildPhase;
			buildActionMask = 2147483647;
			files = (
			);
			runOnlyForDeploymentPostprocessing = 0;
		};
		346BB0832E931366000F5DA0 /* Sources */ = {
			isa = PBXSourcesBuildPhase;
			buildActionMask = 2147483647;
			files = (
			);
			runOnlyForDeploymentPostprocessing = 0;
		};
/* End PBXSourcesBuildPhase section */

/* Begin PBXTargetDependency section */
		34502E5A2EAA9CAD00575EEA /* PBXTargetDependency */ = {
			isa = PBXTargetDependency;
			target = 34502E462EAA9CAC00575EEA /* CatnipWidgetsExtension */;
			targetProxy = 34502E592EAA9CAD00575EEA /* PBXContainerItemProxy */;
		};
		346BB07F2E931366000F5DA0 /* PBXTargetDependency */ = {
			isa = PBXTargetDependency;
			target = 346BB06B2E931364000F5DA0 /* Catnip */;
			targetProxy = 346BB07E2E931366000F5DA0 /* PBXContainerItemProxy */;
		};
		346BB0892E931366000F5DA0 /* PBXTargetDependency */ = {
			isa = PBXTargetDependency;
			target = 346BB06B2E931364000F5DA0 /* Catnip */;
			targetProxy = 346BB0882E931366000F5DA0 /* PBXContainerItemProxy */;
		};
/* End PBXTargetDependency section */

/* Begin XCBuildConfiguration section */
		34502E5D2EAA9CAD00575EEA /* Debug */ = {
			isa = XCBuildConfiguration;
			buildSettings = {
				ASSETCATALOG_COMPILER_GLOBAL_ACCENT_COLOR_NAME = AccentColor;
				ASSETCATALOG_COMPILER_WIDGET_BACKGROUND_COLOR_NAME = WidgetBackground;
				CODE_SIGN_ENTITLEMENTS = CatnipWidgetsExtension.entitlements;
				CODE_SIGN_STYLE = Automatic;
				CURRENT_PROJECT_VERSION = 1;
				DEVELOPMENT_TEAM = QCUUU7QVF7;
				GENERATE_INFOPLIST_FILE = YES;
				INFOPLIST_FILE = CatnipWidgets/Info.plist;
				INFOPLIST_KEY_CFBundleDisplayName = CatnipWidgets;
				INFOPLIST_KEY_NSHumanReadableCopyright = "";
				IPHONEOS_DEPLOYMENT_TARGET = 26.0;
				LD_RUNPATH_SEARCH_PATHS = (
					"$(inherited)",
					"@executable_path/Frameworks",
					"@executable_path/../../Frameworks",
				);
				MARKETING_VERSION = 1.0;
				PRODUCT_BUNDLE_IDENTIFIER = wandb.catnip.CatnipWidgets;
				PRODUCT_NAME = "$(TARGET_NAME)";
				SKIP_INSTALL = YES;
				STRING_CATALOG_GENERATE_SYMBOLS = YES;
				"SWIFT_ACTIVE_COMPILATION_CONDITIONS[arch=*]" = WIDGET_EXTENSION;
				SWIFT_APPROACHABLE_CONCURRENCY = YES;
				SWIFT_EMIT_LOC_STRINGS = YES;
				SWIFT_UPCOMING_FEATURE_MEMBER_IMPORT_VISIBILITY = YES;
				SWIFT_VERSION = 5.0;
				TARGETED_DEVICE_FAMILY = "1,2";
			};
			name = Debug;
		};
		34502E5E2EAA9CAD00575EEA /* Release */ = {
			isa = XCBuildConfiguration;
			buildSettings = {
				ASSETCATALOG_COMPILER_GLOBAL_ACCENT_COLOR_NAME = AccentColor;
				ASSETCATALOG_COMPILER_WIDGET_BACKGROUND_COLOR_NAME = WidgetBackground;
				CODE_SIGN_ENTITLEMENTS = CatnipWidgetsExtension.entitlements;
				CODE_SIGN_STYLE = Automatic;
				CURRENT_PROJECT_VERSION = 1;
				DEVELOPMENT_TEAM = QCUUU7QVF7;
				GENERATE_INFOPLIST_FILE = YES;
				INFOPLIST_FILE = CatnipWidgets/Info.plist;
				INFOPLIST_KEY_CFBundleDisplayName = CatnipWidgets;
				INFOPLIST_KEY_NSHumanReadableCopyright = "";
				IPHONEOS_DEPLOYMENT_TARGET = 26.0;
				LD_RUNPATH_SEARCH_PATHS = (
					"$(inherited)",
					"@executable_path/Frameworks",
					"@executable_path/../../Frameworks",
				);
				MARKETING_VERSION = 1.0;
				PRODUCT_BUNDLE_IDENTIFIER = wandb.catnip.CatnipWidgets;
				PRODUCT_NAME = "$(TARGET_NAME)";
				SKIP_INSTALL = YES;
				STRING_CATALOG_GENERATE_SYMBOLS = YES;
				"SWIFT_ACTIVE_COMPILATION_CONDITIONS[arch=*]" = WIDGET_EXTENSION;
				SWIFT_APPROACHABLE_CONCURRENCY = YES;
				SWIFT_EMIT_LOC_STRINGS = YES;
				SWIFT_UPCOMING_FEATURE_MEMBER_IMPORT_VISIBILITY = YES;
				SWIFT_VERSION = 5.0;
				TARGETED_DEVICE_FAMILY = "1,2";
			};
			name = Release;
		};
		346BB0912E931366000F5DA0 /* Debug */ = {
			isa = XCBuildConfiguration;
			buildSettings = {
				ASSETCATALOG_COMPILER_APPICON_NAME = AppIcon;
				ASSETCATALOG_COMPILER_GLOBAL_ACCENT_COLOR_NAME = AccentColor;
				ASSETCATALOG_COMPILER_INCLUDE_ALL_APPICON_ASSETS = YES;
				CODE_SIGN_ENTITLEMENTS = catnip/catnip.entitlements;
				CODE_SIGN_STYLE = Automatic;
				CURRENT_PROJECT_VERSION = 1;
				DEVELOPMENT_TEAM = QCUUU7QVF7;
				ENABLE_PREVIEWS = YES;
				GENERATE_INFOPLIST_FILE = YES;
				INFOPLIST_FILE = catnip/Info.plist;
				INFOPLIST_KEY_UIApplicationSceneManifest_Generation = YES;
				INFOPLIST_KEY_UIApplicationSupportsIndirectInputEvents = YES;
				INFOPLIST_KEY_UILaunchScreen_Generation = YES;
				INFOPLIST_KEY_UISupportedInterfaceOrientations_iPad = "UIInterfaceOrientationPortrait UIInterfaceOrientationPortraitUpsideDown UIInterfaceOrientationLandscapeLeft UIInterfaceOrientationLandscapeRight";
				INFOPLIST_KEY_UISupportedInterfaceOrientations_iPhone = "UIInterfaceOrientationPortrait UIInterfaceOrientationLandscapeLeft UIInterfaceOrientationLandscapeRight";
				LD_RUNPATH_SEARCH_PATHS = (
					"$(inherited)",
					"@executable_path/Frameworks",
				);
				MARKETING_VERSION = 1.0;
				PRODUCT_BUNDLE_IDENTIFIER = wandb.catnip;
				PRODUCT_NAME = "$(TARGET_NAME)";
				STRING_CATALOG_GENERATE_SYMBOLS = YES;
				SWIFT_DEFAULT_ACTOR_ISOLATION = MainActor;
				SWIFT_EMIT_LOC_STRINGS = YES;
				SWIFT_UPCOMING_FEATURE_MEMBER_IMPORT_VISIBILITY = YES;
				SWIFT_VERSION = 5.0;
				TARGETED_DEVICE_FAMILY = "1,2";
			};
			name = Debug;
		};
		346BB0922E931366000F5DA0 /* Release */ = {
			isa = XCBuildConfiguration;
			buildSettings = {
				ASSETCATALOG_COMPILER_APPICON_NAME = AppIcon;
				ASSETCATALOG_COMPILER_GLOBAL_ACCENT_COLOR_NAME = AccentColor;
				ASSETCATALOG_COMPILER_INCLUDE_ALL_APPICON_ASSETS = YES;
				CODE_SIGN_ENTITLEMENTS = catnip/catnip.entitlements;
				CODE_SIGN_STYLE = Automatic;
				CURRENT_PROJECT_VERSION = 1;
				DEVELOPMENT_TEAM = QCUUU7QVF7;
				ENABLE_PREVIEWS = YES;
				GENERATE_INFOPLIST_FILE = YES;
				INFOPLIST_FILE = catnip/Info.plist;
				INFOPLIST_KEY_UIApplicationSceneManifest_Generation = YES;
				INFOPLIST_KEY_UIApplicationSupportsIndirectInputEvents = YES;
				INFOPLIST_KEY_UILaunchScreen_Generation = YES;
				INFOPLIST_KEY_UISupportedInterfaceOrientations_iPad = "UIInterfaceOrientationPortrait UIInterfaceOrientationPortraitUpsideDown UIInterfaceOrientationLandscapeLeft UIInterfaceOrientationLandscapeRight";
				INFOPLIST_KEY_UISupportedInterfaceOrientations_iPhone = "UIInterfaceOrientationPortrait UIInterfaceOrientationLandscapeLeft UIInterfaceOrientationLandscapeRight";
				LD_RUNPATH_SEARCH_PATHS = (
					"$(inherited)",
					"@executable_path/Frameworks",
				);
				MARKETING_VERSION = 1.0;
				PRODUCT_BUNDLE_IDENTIFIER = wandb.catnip;
				PRODUCT_NAME = "$(TARGET_NAME)";
				STRING_CATALOG_GENERATE_SYMBOLS = YES;
				SWIFT_DEFAULT_ACTOR_ISOLATION = MainActor;
				SWIFT_EMIT_LOC_STRINGS = YES;
				SWIFT_UPCOMING_FEATURE_MEMBER_IMPORT_VISIBILITY = YES;
				SWIFT_VERSION = 5.0;
				TARGETED_DEVICE_FAMILY = "1,2";
			};
			name = Release;
		};
		346BB0932E931366000F5DA0 /* Debug */ = {
			isa = XCBuildConfiguration;
			buildSettings = {
				ALWAYS_SEARCH_USER_PATHS = NO;
				ASSETCATALOG_COMPILER_GENERATE_SWIFT_ASSET_SYMBOL_EXTENSIONS = YES;
				CLANG_ANALYZER_NONNULL = YES;
				CLANG_ANALYZER_NUMBER_OBJECT_CONVERSION = YES_AGGRESSIVE;
				CLANG_CXX_LANGUAGE_STANDARD = "gnu++20";
				CLANG_ENABLE_MODULES = YES;
				CLANG_ENABLE_OBJC_ARC = YES;
				CLANG_ENABLE_OBJC_WEAK = YES;
				CLANG_WARN_BLOCK_CAPTURE_AUTORELEASING = YES;
				CLANG_WARN_BOOL_CONVERSION = YES;
				CLANG_WARN_COMMA = YES;
				CLANG_WARN_CONSTANT_CONVERSION = YES;
				CLANG_WARN_DEPRECATED_OBJC_IMPLEMENTATIONS = YES;
				CLANG_WARN_DIRECT_OBJC_ISA_USAGE = YES_ERROR;
				CLANG_WARN_DOCUMENTATION_COMMENTS = YES;
				CLANG_WARN_EMPTY_BODY = YES;
				CLANG_WARN_ENUM_CONVERSION = YES;
				CLANG_WARN_INFINITE_RECURSION = YES;
				CLANG_WARN_INT_CONVERSION = YES;
				CLANG_WARN_NON_LITERAL_NULL_CONVERSION = YES;
				CLANG_WARN_OBJC_IMPLICIT_RETAIN_SELF = YES;
				CLANG_WARN_OBJC_LITERAL_CONVERSION = YES;
				CLANG_WARN_OBJC_ROOT_CLASS = YES_ERROR;
				CLANG_WARN_QUOTED_INCLUDE_IN_FRAMEWORK_HEADER = YES;
				CLANG_WARN_RANGE_LOOP_ANALYSIS = YES;
				CLANG_WARN_STRICT_PROTOTYPES = YES;
				CLANG_WARN_SUSPICIOUS_MOVE = YES;
				CLANG_WARN_UNGUARDED_AVAILABILITY = YES_AGGRESSIVE;
				CLANG_WARN_UNREACHABLE_CODE = YES;
				CLANG_WARN__DUPLICATE_METHOD_MATCH = YES;
				COPY_PHASE_STRIP = NO;
				DEBUG_INFORMATION_FORMAT = dwarf;
				DEVELOPMENT_TEAM = QCUUU7QVF7;
				ENABLE_STRICT_OBJC_MSGSEND = YES;
				ENABLE_TESTABILITY = YES;
				ENABLE_USER_SCRIPT_SANDBOXING = YES;
				GCC_C_LANGUAGE_STANDARD = gnu17;
				GCC_DYNAMIC_NO_PIC = NO;
				GCC_NO_COMMON_BLOCKS = YES;
				GCC_OPTIMIZATION_LEVEL = 0;
				GCC_PREPROCESSOR_DEFINITIONS = (
					"DEBUG=1",
					"$(inherited)",
				);
				GCC_WARN_64_TO_32_BIT_CONVERSION = YES;
				GCC_WARN_ABOUT_RETURN_TYPE = YES_ERROR;
				GCC_WARN_UNDECLARED_SELECTOR = YES;
				GCC_WARN_UNINITIALIZED_AUTOS = YES_AGGRESSIVE;
				GCC_WARN_UNUSED_FUNCTION = YES;
				GCC_WARN_UNUSED_VARIABLE = YES;
				IPHONEOS_DEPLOYMENT_TARGET = 17.0;
				LOCALIZATION_PREFERS_STRING_CATALOGS = YES;
				MTL_ENABLE_DEBUG_INFO = INCLUDE_SOURCE;
				MTL_FAST_MATH = YES;
				ONLY_ACTIVE_ARCH = YES;
				SDKROOT = iphoneos;
				SWIFT_ACTIVE_COMPILATION_CONDITIONS = "DEBUG $(inherited)";
				SWIFT_OPTIMIZATION_LEVEL = "-Onone";
			};
			name = Debug;
		};
		346BB0942E931366000F5DA0 /* Release */ = {
			isa = XCBuildConfiguration;
			buildSettings = {
				ALWAYS_SEARCH_USER_PATHS = NO;
				ASSETCATALOG_COMPILER_GENERATE_SWIFT_ASSET_SYMBOL_EXTENSIONS = YES;
				CLANG_ANALYZER_NONNULL = YES;
				CLANG_ANALYZER_NUMBER_OBJECT_CONVERSION = YES_AGGRESSIVE;
				CLANG_CXX_LANGUAGE_STANDARD = "gnu++20";
				CLANG_ENABLE_MODULES = YES;
				CLANG_ENABLE_OBJC_ARC = YES;
				CLANG_ENABLE_OBJC_WEAK = YES;
				CLANG_WARN_BLOCK_CAPTURE_AUTORELEASING = YES;
				CLANG_WARN_BOOL_CONVERSION = YES;
				CLANG_WARN_COMMA = YES;
				CLANG_WARN_CONSTANT_CONVERSION = YES;
				CLANG_WARN_DEPRECATED_OBJC_IMPLEMENTATIONS = YES;
				CLANG_WARN_DIRECT_OBJC_ISA_USAGE = YES_ERROR;
				CLANG_WARN_DOCUMENTATION_COMMENTS = YES;
				CLANG_WARN_EMPTY_BODY = YES;
				CLANG_WARN_ENUM_CONVERSION = YES;
				CLANG_WARN_INFINITE_RECURSION = YES;
				CLANG_WARN_INT_CONVERSION = YES;
				CLANG_WARN_NON_LITERAL_NULL_CONVERSION = YES;
				CLANG_WARN_OBJC_IMPLICIT_RETAIN_SELF = YES;
				CLANG_WARN_OBJC_LITERAL_CONVERSION = YES;
				CLANG_WARN_OBJC_ROOT_CLASS = YES_ERROR;
				CLANG_WARN_QUOTED_INCLUDE_IN_FRAMEWORK_HEADER = YES;
				CLANG_WARN_RANGE_LOOP_ANALYSIS = YES;
				CLANG_WARN_STRICT_PROTOTYPES = YES;
				CLANG_WARN_SUSPICIOUS_MOVE = YES;
				CLANG_WARN_UNGUARDED_AVAILABILITY = YES_AGGRESSIVE;
				CLANG_WARN_UNREACHABLE_CODE = YES;
				CLANG_WARN__DUPLICATE_METHOD_MATCH = YES;
				COPY_PHASE_STRIP = NO;
				DEBUG_INFORMATION_FORMAT = "dwarf-with-dsym";
				DEVELOPMENT_TEAM = QCUUU7QVF7;
				ENABLE_NS_ASSERTIONS = NO;
				ENABLE_STRICT_OBJC_MSGSEND = YES;
				ENABLE_USER_SCRIPT_SANDBOXING = YES;
				GCC_C_LANGUAGE_STANDARD = gnu17;
				GCC_NO_COMMON_BLOCKS = YES;
				GCC_WARN_64_TO_32_BIT_CONVERSION = YES;
				GCC_WARN_ABOUT_RETURN_TYPE = YES_ERROR;
				GCC_WARN_UNDECLARED_SELECTOR = YES;
				GCC_WARN_UNINITIALIZED_AUTOS = YES_AGGRESSIVE;
				GCC_WARN_UNUSED_FUNCTION = YES;
				GCC_WARN_UNUSED_VARIABLE = YES;
				IPHONEOS_DEPLOYMENT_TARGET = 17.0;
				LOCALIZATION_PREFERS_STRING_CATALOGS = YES;
				MTL_ENABLE_DEBUG_INFO = NO;
				MTL_FAST_MATH = YES;
				SDKROOT = iphoneos;
				SWIFT_COMPILATION_MODE = wholemodule;
				VALIDATE_PRODUCT = YES;
			};
			name = Release;
		};
		346BB0962E931366000F5DA0 /* Debug */ = {
			isa = XCBuildConfiguration;
			buildSettings = {
				BUNDLE_LOADER = "$(TEST_HOST)";
				CODE_SIGN_STYLE = Automatic;
				CURRENT_PROJECT_VERSION = 1;
				DEVELOPMENT_TEAM = QCUUU7QVF7;
				GENERATE_INFOPLIST_FILE = YES;
				IPHONEOS_DEPLOYMENT_TARGET = 17.0;
				MARKETING_VERSION = 1.0;
				PRODUCT_BUNDLE_IDENTIFIER = wandb.catnipTests;
				PRODUCT_NAME = "$(TARGET_NAME)";
				STRING_CATALOG_GENERATE_SYMBOLS = NO;
				SWIFT_EMIT_LOC_STRINGS = NO;
				SWIFT_UPCOMING_FEATURE_MEMBER_IMPORT_VISIBILITY = YES;
				SWIFT_VERSION = 5.0;
				TARGETED_DEVICE_FAMILY = "1,2";
				TEST_HOST = "$(BUILT_PRODUCTS_DIR)/catnip.app/$(BUNDLE_EXECUTABLE_FOLDER_PATH)/catnip";
			};
			name = Debug;
		};
		346BB0972E931366000F5DA0 /* Release */ = {
			isa = XCBuildConfiguration;
			buildSettings = {
				BUNDLE_LOADER = "$(TEST_HOST)";
				CODE_SIGN_STYLE = Automatic;
				CURRENT_PROJECT_VERSION = 1;
				DEVELOPMENT_TEAM = QCUUU7QVF7;
				GENERATE_INFOPLIST_FILE = YES;
				IPHONEOS_DEPLOYMENT_TARGET = 17.0;
				MARKETING_VERSION = 1.0;
				PRODUCT_BUNDLE_IDENTIFIER = wandb.catnipTests;
				PRODUCT_NAME = "$(TARGET_NAME)";
				STRING_CATALOG_GENERATE_SYMBOLS = NO;
				SWIFT_EMIT_LOC_STRINGS = NO;
				SWIFT_UPCOMING_FEATURE_MEMBER_IMPORT_VISIBILITY = YES;
				SWIFT_VERSION = 5.0;
				TARGETED_DEVICE_FAMILY = "1,2";
				TEST_HOST = "$(BUILT_PRODUCTS_DIR)/catnip.app/$(BUNDLE_EXECUTABLE_FOLDER_PATH)/catnip";
			};
			name = Release;
		};
		346BB0992E931366000F5DA0 /* Debug */ = {
			isa = XCBuildConfiguration;
			buildSettings = {
				CODE_SIGN_STYLE = Automatic;
				CURRENT_PROJECT_VERSION = 1;
				DEVELOPMENT_TEAM = QCUUU7QVF7;
				GENERATE_INFOPLIST_FILE = YES;
				MARKETING_VERSION = 1.0;
				PRODUCT_BUNDLE_IDENTIFIER = wandb.catnipUITests;
				PRODUCT_NAME = "$(TARGET_NAME)";
				STRING_CATALOG_GENERATE_SYMBOLS = NO;
				SWIFT_EMIT_LOC_STRINGS = NO;
				SWIFT_UPCOMING_FEATURE_MEMBER_IMPORT_VISIBILITY = YES;
				SWIFT_VERSION = 5.0;
				TARGETED_DEVICE_FAMILY = "1,2";
				TEST_TARGET_NAME = catnip;
			};
			name = Debug;
		};
		346BB09A2E931366000F5DA0 /* Release */ = {
			isa = XCBuildConfiguration;
			buildSettings = {
				CODE_SIGN_STYLE = Automatic;
				CURRENT_PROJECT_VERSION = 1;
				DEVELOPMENT_TEAM = QCUUU7QVF7;
				GENERATE_INFOPLIST_FILE = YES;
				MARKETING_VERSION = 1.0;
				PRODUCT_BUNDLE_IDENTIFIER = wandb.catnipUITests;
				PRODUCT_NAME = "$(TARGET_NAME)";
				STRING_CATALOG_GENERATE_SYMBOLS = NO;
				SWIFT_EMIT_LOC_STRINGS = NO;
				SWIFT_UPCOMING_FEATURE_MEMBER_IMPORT_VISIBILITY = YES;
				SWIFT_VERSION = 5.0;
				TARGETED_DEVICE_FAMILY = "1,2";
				TEST_TARGET_NAME = catnip;
			};
			name = Release;
		};
/* End XCBuildConfiguration section */

/* Begin XCConfigurationList section */
		34502E5C2EAA9CAD00575EEA /* Build configuration list for PBXNativeTarget "CatnipWidgetsExtension" */ = {
			isa = XCConfigurationList;
			buildConfigurations = (
				34502E5D2EAA9CAD00575EEA /* Debug */,
				34502E5E2EAA9CAD00575EEA /* Release */,
			);
			defaultConfigurationIsVisible = 0;
			defaultConfigurationName = Release;
		};
		346BB0672E931364000F5DA0 /* Build configuration list for PBXProject "catnip" */ = {
			isa = XCConfigurationList;
			buildConfigurations = (
				346BB0932E931366000F5DA0 /* Debug */,
				346BB0942E931366000F5DA0 /* Release */,
			);
			defaultConfigurationIsVisible = 0;
			defaultConfigurationName = Release;
		};
		346BB0902E931366000F5DA0 /* Build configuration list for PBXNativeTarget "Catnip" */ = {
			isa = XCConfigurationList;
			buildConfigurations = (
				346BB0912E931366000F5DA0 /* Debug */,
				346BB0922E931366000F5DA0 /* Release */,
			);
			defaultConfigurationIsVisible = 0;
			defaultConfigurationName = Release;
		};
		346BB0952E931366000F5DA0 /* Build configuration list for PBXNativeTarget "catnipTests" */ = {
			isa = XCConfigurationList;
			buildConfigurations = (
				346BB0962E931366000F5DA0 /* Debug */,
				346BB0972E931366000F5DA0 /* Release */,
			);
			defaultConfigurationIsVisible = 0;
			defaultConfigurationName = Release;
		};
		346BB0982E931366000F5DA0 /* Build configuration list for PBXNativeTarget "catnipUITests" */ = {
			isa = XCConfigurationList;
			buildConfigurations = (
				346BB0992E931366000F5DA0 /* Debug */,
				346BB09A2E931366000F5DA0 /* Release */,
			);
			defaultConfigurationIsVisible = 0;
			defaultConfigurationName = Release;
		};
/* End XCConfigurationList section */

/* Begin XCRemoteSwiftPackageReference section */
		34502CF22E99B32C00575EEA /* XCRemoteSwiftPackageReference "SwiftTerm" */ = {
			isa = XCRemoteSwiftPackageReference;
			repositoryURL = "https://github.com/migueldeicaza/SwiftTerm";
			requirement = {
				kind = upToNextMajorVersion;
				minimumVersion = 1.5.0;
			};
		};
		34502CF72E9DD77B00575EEA /* XCRemoteSwiftPackageReference "swift-markdown-ui" */ = {
			isa = XCRemoteSwiftPackageReference;
			repositoryURL = "https://github.com/gonzalezreal/swift-markdown-ui";
			requirement = {
				kind = upToNextMajorVersion;
				minimumVersion = 2.4.1;
			};
		};
/* End XCRemoteSwiftPackageReference section */

/* Begin XCSwiftPackageProductDependency section */
		34502CF32E99B32C00575EEA /* SwiftTerm */ = {
			isa = XCSwiftPackageProductDependency;
			package = 34502CF22E99B32C00575EEA /* XCRemoteSwiftPackageReference "SwiftTerm" */;
			productName = SwiftTerm;
		};
		34502CF82E9DD77B00575EEA /* MarkdownUI */ = {
			isa = XCSwiftPackageProductDependency;
			package = 34502CF72E9DD77B00575EEA /* XCRemoteSwiftPackageReference "swift-markdown-ui" */;
			productName = MarkdownUI;
		};
/* End XCSwiftPackageProductDependency section */
	};
	rootObject = 346BB0642E931364000F5DA0 /* Project object */;
}
